
Microsoft Visual Studio Solution File, Format Version 12.00
# Visual Studio Version 17
VisualStudioVersion = 17.2.32519.379
MinimumVisualStudioVersion = 10.0.40219.1
Project("{FAE04EC0-301F-11D3-BF4B-00C04F79EFBC}") = "OutlookAddIn", "OutlookAddIn\OutlookAddIn.csproj", "{2DC6653F-A4FA-4908-8423-C54A00AA1922}"
EndProject
Global
	GlobalSection(SolutionConfigurationPlatforms) = preSolution
		Debug|Any CPU = Debug|Any CPU
		Release|Any CPU = Release|Any CPU
	EndGlobalSection
	GlobalSection(ProjectConfigurationPlatforms) = postSolution
		{2DC6653F-A4FA-4908-8423-C54A00AA1922}.Debug|Any CPU.ActiveCfg = Debug|Any CPU
		{2DC6653F-A4FA-4908-8423-C54A00AA1922}.Debug|Any CPU.Build.0 = Debug|Any CPU
		{2DC6653F-A4FA-4908-8423-C54A00AA1922}.Release|Any CPU.ActiveCfg = Release|Any CPU
		{2DC6653F-A4FA-4908-8423-C54A00AA1922}.Release|Any CPU.Build.0 = Release|Any CPU
	EndGlobalSection
	GlobalSection(SolutionProperties) = preSolution
		HideSolutionNode = FALSE
	EndGlobalSection
	GlobalSection(ExtensibilityGlobals) = postSolution
		SolutionGuid = {14553D25-4B55-4401-A914-BD91177DA60E}
	EndGlobalSection
EndGlobal
